
Microsoft Visual Studio Solution File, Format Version 12.00
# Visual Studio 15
VisualStudioVersion = 15.0.27703.2047
MinimumVisualStudioVersion = 10.0.40219.1
Project("{9A19103F-16F7-4668-BE54-9A1E7A4F7556}") = "rgomezj.Freelance.meServerless.UI", "rgomezj.Freelance.meServerless.UI\rgomezj.Freelance.meServerless.UI.csproj", "{C9A6158A-AC59-4636-891E-16833003F90B}"
EndProject
Project("{9A19103F-16F7-4668-BE54-9A1E7A4F7556}") = "rgomezj.Freelance.meServerless.API", "rgomezj.Freelance.meServerless.API\rgomezj.Freelance.meServerless.API.csproj", "{664BE612-3280-45D6-83BA-D818A1753815}"
EndProject
Project("{FAE04EC0-301F-11D3-BF4B-00C04F79EFBC}") = "rgomezj.Freelance.meServerless.Core", "rgomezj.Freelance.meServerless.Core\rgomezj.Freelance.meServerless.Core.csproj", "{DDF0EABD-A163-477D-B658-83C86D525DA8}"
EndProject
Project("{FAE04EC0-301F-11D3-BF4B-00C04F79EFBC}") = "rgomezj.Freelance.MeServerless.Data", "rgomezj.Freelance.MeServerless.Data\rgomezj.Freelance.MeServerless.Data.csproj", "{BA3A628C-4A2F-4602-9BCA-47EECA3D7667}"
EndProject
Global
	GlobalSection(SolutionConfigurationPlatforms) = preSolution
		Debug|Any CPU = Debug|Any CPU
		Release|Any CPU = Release|Any CPU
	EndGlobalSection
	GlobalSection(ProjectConfigurationPlatforms) = postSolution
		{C9A6158A-AC59-4636-891E-16833003F90B}.Debug|Any CPU.ActiveCfg = Debug|Any CPU
		{C9A6158A-AC59-4636-891E-16833003F90B}.Debug|Any CPU.Build.0 = Debug|Any CPU
		{C9A6158A-AC59-4636-891E-16833003F90B}.Release|Any CPU.ActiveCfg = Release|Any CPU
		{C9A6158A-AC59-4636-891E-16833003F90B}.Release|Any CPU.Build.0 = Release|Any CPU
		{664BE612-3280-45D6-83BA-D818A1753815}.Debug|Any CPU.ActiveCfg = Debug|Any CPU
		{664BE612-3280-45D6-83BA-D818A1753815}.Debug|Any CPU.Build.0 = Debug|Any CPU
		{664BE612-3280-45D6-83BA-D818A1753815}.Release|Any CPU.ActiveCfg = Release|Any CPU
		{664BE612-3280-45D6-83BA-D818A1753815}.Release|Any CPU.Build.0 = Release|Any CPU
		{DDF0EABD-A163-477D-B658-83C86D525DA8}.Debug|Any CPU.ActiveCfg = Debug|Any CPU
		{DDF0EABD-A163-477D-B658-83C86D525DA8}.Debug|Any CPU.Build.0 = Debug|Any CPU
		{DDF0EABD-A163-477D-B658-83C86D525DA8}.Release|Any CPU.ActiveCfg = Release|Any CPU
		{DDF0EABD-A163-477D-B658-83C86D525DA8}.Release|Any CPU.Build.0 = Release|Any CPU
		{BA3A628C-4A2F-4602-9BCA-47EECA3D7667}.Debug|Any CPU.ActiveCfg = Debug|Any CPU
		{BA3A628C-4A2F-4602-9BCA-47EECA3D7667}.Debug|Any CPU.Build.0 = Debug|Any CPU
		{BA3A628C-4A2F-4602-9BCA-47EECA3D7667}.Release|Any CPU.ActiveCfg = Release|Any CPU
		{BA3A628C-4A2F-4602-9BCA-47EECA3D7667}.Release|Any CPU.Build.0 = Release|Any CPU
	EndGlobalSection
	GlobalSection(SolutionProperties) = preSolution
		HideSolutionNode = FALSE
	EndGlobalSection
	GlobalSection(ExtensibilityGlobals) = postSolution
		SolutionGuid = {719CA06A-80E3-4F14-826D-643887B369FA}
	EndGlobalSection
EndGlobal
